
Microsoft Visual Studio Solution File, Format Version 12.00
# Visual Studio Version 17
VisualStudioVersion = 17.5.002.0
MinimumVisualStudioVersion = 10.0.40219.1
Project("{9A19103F-16F7-4668-BE54-9A1E7A4F7556}") = "Exo.WebApi", "Exo.WebApi.csproj", "{546342C8-BCF9-4336-BF6A-E5EFA948D6E9}"
EndProject
Global
	GlobalSection(SolutionConfigurationPlatforms) = preSolution
		Debug|Any CPU = Debug|Any CPU
		Release|Any CPU = Release|Any CPU
	EndGlobalSection
	GlobalSection(ProjectConfigurationPlatforms) = postSolution
		{546342C8-BCF9-4336-BF6A-E5EFA948D6E9}.Debug|Any CPU.ActiveCfg = Debug|Any CPU
		{546342C8-BCF9-4336-BF6A-E5EFA948D6E9}.Debug|Any CPU.Build.0 = Debug|Any CPU
		{546342C8-BCF9-4336-BF6A-E5EFA948D6E9}.Release|Any CPU.ActiveCfg = Release|Any CPU
		{546342C8-BCF9-4336-BF6A-E5EFA948D6E9}.Release|Any CPU.Build.0 = Release|Any CPU
	EndGlobalSection
	GlobalSection(SolutionProperties) = preSolution
		HideSolutionNode = FALSE
	EndGlobalSection
	GlobalSection(ExtensibilityGlobals) = postSolution
		SolutionGuid = {9317AFA9-A48A-41D7-844C-593777F5815E}
	EndGlobalSection
EndGlobal
